// !$*UTF8*$!
{
	archiveVersion = 1;
	classes = {
	};
	objectVersion = 77;
	objects = {

/* Begin PBXContainerItemProxy section */
		5D58DA572CC7EE070000232F /* PBXContainerItemProxy */ = {
			isa = PBXContainerItemProxy;
			containerPortal = 5D58DA3E2CC7EE040000232F /* Project object */;
			proxyType = 1;
			remoteGlobalIDString = 5D58DA452CC7EE040000232F;
			remoteInfo = "Roll The Dice";
		};
		5D58DA612CC7EE070000232F /* PBXContainerItemProxy */ = {
			isa = PBXContainerItemProxy;
			containerPortal = 5D58DA3E2CC7EE040000232F /* Project object */;
			proxyType = 1;
			remoteGlobalIDString = 5D58DA452CC7EE040000232F;
			remoteInfo = "Roll The Dice";
		};
/* End PBXContainerItemProxy section */

/* Begin PBXFileReference section */
		5D58DA462CC7EE040000232F /* Roll The Dice.app */ = {isa = PBXFileReference; explicitFileType = wrapper.application; includeInIndex = 0; path = "Roll The Dice.app"; sourceTree = BUILT_PRODUCTS_DIR; };
		5D58DA562CC7EE070000232F /* Roll The DiceTests.xctest */ = {isa = PBXFileReference; explicitFileType = wrapper.cfbundle; includeInIndex = 0; path = "Roll The DiceTests.xctest"; sourceTree = BUILT_PRODUCTS_DIR; };
		5D58DA602CC7EE070000232F /* Roll The DiceUITests.xctest */ = {isa = PBXFileReference; explicitFileType = wrapper.cfbundle; includeInIndex = 0; path = "Roll The DiceUITests.xctest"; sourceTree = BUILT_PRODUCTS_DIR; };
/* End PBXFileReference section */

/* Begin PBXFileSystemSynchronizedRootGroup section */
		5D58DA482CC7EE040000232F /* Roll The Dice */ = {
			isa = PBXFileSystemSynchronizedRootGroup;
			path = "Roll The Dice";
			sourceTree = "<group>";
		};
		5D58DA592CC7EE070000232F /* Roll The DiceTests */ = {
			isa = PBXFileSystemSynchronizedRootGroup;
			path = "Roll The DiceTests";
			sourceTree = "<group>";
		};
		5D58DA632CC7EE070000232F /* Roll The DiceUITests */ = {
			isa = PBXFileSystemSynchronizedRootGroup;
			path = "Roll The DiceUITests";
			sourceTree = "<group>";
		};
/* End PBXFileSystemSynchronizedRootGroup section */

/* Begin PBXFrameworksBuildPhase section */
		5D58DA432CC7EE040000232F /* Frameworks */ = {
			isa = PBXFrameworksBuildPhase;
			buildActionMask = 2147483647;
			files = (
			);
			runOnlyForDeploymentPostprocessing = 0;
		};
		5D58DA532CC7EE070000232F /* Frameworks */ = {
			isa = PBXFrameworksBuildPhase;
			buildActionMask = 2147483647;
			files = (
			);
			runOnlyForDeploymentPostprocessing = 0;
		};
		5D58DA5D2CC7EE070000232F /* Frameworks */ = {
			isa = PBXFrameworksBuildPhase;
			buildActionMask = 2147483647;
			files = (
			);
			runOnlyForDeploymentPostprocessing = 0;
		};
/* End PBXFrameworksBuildPhase section */

/* Begin PBXGroup section */
		5D58DA3D2CC7EE040000232F = {
			isa = PBXGroup;
			children = (
				5D58DA482CC7EE040000232F /* Roll The Dice */,
				5D58DA592CC7EE070000232F /* Roll The DiceTests */,
				5D58DA632CC7EE070000232F /* Roll The DiceUITests */,
				5D58DA472CC7EE040000232F /* Products */,
			);
			sourceTree = "<group>";
		};
		5D58DA472CC7EE040000232F /* Products */ = {
			isa = PBXGroup;
			children = (
				5D58DA462CC7EE040000232F /* Roll The Dice.app */,
				5D58DA562CC7EE070000232F /* Roll The DiceTests.xctest */,
				5D58DA602CC7EE070000232F /* Roll The DiceUITests.xctest */,
			);
			name = Products;
			sourceTree = "<group>";
		};
/* End PBXGroup section */

/* Begin PBXNativeTarget section */
		5D58DA452CC7EE040000232F /* Roll The Dice */ = {
			isa = PBXNativeTarget;
			buildConfigurationList = 5D58DA6A2CC7EE070000232F /* Build configuration list for PBXNativeTarget "Roll The Dice" */;
			buildPhases = (
				5D58DA422CC7EE040000232F /* Sources */,
				5D58DA432CC7EE040000232F /* Frameworks */,
				5D58DA442CC7EE040000232F /* Resources */,
			);
			buildRules = (
			);
			dependencies = (
			);
			fileSystemSynchronizedGroups = (
				5D58DA482CC7EE040000232F /* Roll The Dice */,
			);
			name = "Roll The Dice";
			packageProductDependencies = (
			);
			productName = "Roll The Dice";
			productReference = 5D58DA462CC7EE040000232F /* Roll The Dice.app */;
			productType = "com.apple.product-type.application";
		};
		5D58DA552CC7EE070000232F /* Roll The DiceTests */ = {
			isa = PBXNativeTarget;
			buildConfigurationList = 5D58DA6D2CC7EE070000232F /* Build configuration list for PBXNativeTarget "Roll The DiceTests" */;
			buildPhases = (
				5D58DA522CC7EE070000232F /* Sources */,
				5D58DA532CC7EE070000232F /* Frameworks */,
				5D58DA542CC7EE070000232F /* Resources */,
			);
			buildRules = (
			);
			dependencies = (
				5D58DA582CC7EE070000232F /* PBXTargetDependency */,
			);
			fileSystemSynchronizedGroups = (
				5D58DA592CC7EE070000232F /* Roll The DiceTests */,
			);
			name = "Roll The DiceTests";
			packageProductDependencies = (
			);
			productName = "Roll The DiceTests";
			productReference = 5D58DA562CC7EE070000232F /* Roll The DiceTests.xctest */;
			productType = "com.apple.product-type.bundle.unit-test";
		};
		5D58DA5F2CC7EE070000232F /* Roll The DiceUITests */ = {
			isa = PBXNativeTarget;
			buildConfigurationList = 5D58DA702CC7EE070000232F /* Build configuration list for PBXNativeTarget "Roll The DiceUITests" */;
			buildPhases = (
				5D58DA5C2CC7EE070000232F /* Sources */,
				5D58DA5D2CC7EE070000232F /* Frameworks */,
				5D58DA5E2CC7EE070000232F /* Resources */,
			);
			buildRules = (
			);
			dependencies = (
				5D58DA622CC7EE070000232F /* PBXTargetDependency */,
			);
			fileSystemSynchronizedGroups = (
				5D58DA632CC7EE070000232F /* Roll The DiceUITests */,
			);
			name = "Roll The DiceUITests";
			packageProductDependencies = (
			);
			productName = "Roll The DiceUITests";
			productReference = 5D58DA602CC7EE070000232F /* Roll The DiceUITests.xctest */;
			productType = "com.apple.product-type.bundle.ui-testing";
		};
/* End PBXNativeTarget section */

/* Begin PBXProject section */
		5D58DA3E2CC7EE040000232F /* Project object */ = {
			isa = PBXProject;
			attributes = {
				BuildIndependentTargetsInParallel = 1;
				LastSwiftUpdateCheck = 1600;
				LastUpgradeCheck = 1600;
				TargetAttributes = {
					5D58DA452CC7EE040000232F = {
						CreatedOnToolsVersion = 16.0;
					};
					5D58DA552CC7EE070000232F = {
						CreatedOnToolsVersion = 16.0;
						TestTargetID = 5D58DA452CC7EE040000232F;
					};
					5D58DA5F2CC7EE070000232F = {
						CreatedOnToolsVersion = 16.0;
						TestTargetID = 5D58DA452CC7EE040000232F;
					};
				};
			};
			buildConfigurationList = 5D58DA412CC7EE040000232F /* Build configuration list for PBXProject "Roll The Dice" */;
			developmentRegion = en;
			hasScannedForEncodings = 0;
			knownRegions = (
				en,
				Base,
			);
			mainGroup = 5D58DA3D2CC7EE040000232F;
			minimizedProjectReferenceProxies = 1;
			preferredProjectObjectVersion = 77;
			productRefGroup = 5D58DA472CC7EE040000232F /* Products */;
			projectDirPath = "";
			projectRoot = "";
			targets = (
				5D58DA452CC7EE040000232F /* Roll The Dice */,
				5D58DA552CC7EE070000232F /* Roll The DiceTests */,
				5D58DA5F2CC7EE070000232F /* Roll The DiceUITests */,
			);
		};
/* End PBXProject section */

/* Begin PBXResourcesBuildPhase section */
		5D58DA442CC7EE040000232F /* Resources */ = {
			isa = PBXResourcesBuildPhase;
			buildActionMask = 2147483647;
			files = (
			);
			runOnlyForDeploymentPostprocessing = 0;
		};
		5D58DA542CC7EE070000232F /* Resources */ = {
			isa = PBXResourcesBuildPhase;
			buildActionMask = 2147483647;
			files = (
			);
			runOnlyForDeploymentPostprocessing = 0;
		};
		5D58DA5E2CC7EE070000232F /* Resources */ = {
			isa = PBXResourcesBuildPhase;
			buildActionMask = 2147483647;
			files = (
			);
			runOnlyForDeploymentPostprocessing = 0;
		};
/* End PBXResourcesBuildPhase section */

/* Begin PBXSourcesBuildPhase section */
		5D58DA422CC7EE040000232F /* Sources */ = {
			isa = PBXSourcesBuildPhase;
			buildActionMask = 2147483647;
			files = (
			);
			runOnlyForDeploymentPostprocessing = 0;
		};
		5D58DA522CC7EE070000232F /* Sources */ = {
			isa = PBXSourcesBuildPhase;
			buildActionMask = 2147483647;
			files = (
			);
			runOnlyForDeploymentPostprocessing = 0;
		};
		5D58DA5C2CC7EE070000232F /* Sources */ = {
			isa = PBXSourcesBuildPhase;
			buildActionMask = 2147483647;
			files = (
			);
			runOnlyForDeploymentPostprocessing = 0;
		};
/* End PBXSourcesBuildPhase section */

/* Begin PBXTargetDependency section */
		5D58DA582CC7EE070000232F /* PBXTargetDependency */ = {
			isa = PBXTargetDependency;
			target = 5D58DA452CC7EE040000232F /* Roll The Dice */;
			targetProxy = 5D58DA572CC7EE070000232F /* PBXContainerItemProxy */;
		};
		5D58DA622CC7EE070000232F /* PBXTargetDependency */ = {
			isa = PBXTargetDependency;
			target = 5D58DA452CC7EE040000232F /* Roll The Dice */;
			targetProxy = 5D58DA612CC7EE070000232F /* PBXContainerItemProxy */;
		};
/* End PBXTargetDependency section */

/* Begin XCBuildConfiguration section */
		5D58DA682CC7EE070000232F /* Debug */ = {
			isa = XCBuildConfiguration;
			buildSettings = {
				ALWAYS_SEARCH_USER_PATHS = NO;
				ASSETCATALOG_COMPILER_GENERATE_SWIFT_ASSET_SYMBOL_EXTENSIONS = YES;
				CLANG_ANALYZER_NONNULL = YES;
				CLANG_ANALYZER_NUMBER_OBJECT_CONVERSION = YES_AGGRESSIVE;
				CLANG_CXX_LANGUAGE_STANDARD = "gnu++20";
				CLANG_ENABLE_MODULES = YES;
				CLANG_ENABLE_OBJC_ARC = YES;
				CLANG_ENABLE_OBJC_WEAK = YES;
				CLANG_WARN_BLOCK_CAPTURE_AUTORELEASING = YES;
				CLANG_WARN_BOOL_CONVERSION = YES;
				CLANG_WARN_COMMA = YES;
				CLANG_WARN_CONSTANT_CONVERSION = YES;
				CLANG_WARN_DEPRECATED_OBJC_IMPLEMENTATIONS = YES;
				CLANG_WARN_DIRECT_OBJC_ISA_USAGE = YES_ERROR;
				CLANG_WARN_DOCUMENTATION_COMMENTS = YES;
				CLANG_WARN_EMPTY_BODY = YES;
				CLANG_WARN_ENUM_CONVERSION = YES;
				CLANG_WARN_INFINITE_RECURSION = YES;
				CLANG_WARN_INT_CONVERSION = YES;
				CLANG_WARN_NON_LITERAL_NULL_CONVERSION = YES;
				CLANG_WARN_OBJC_IMPLICIT_RETAIN_SELF = YES;
				CLANG_WARN_OBJC_LITERAL_CONVERSION = YES;
				CLANG_WARN_OBJC_ROOT_CLASS = YES_ERROR;
				CLANG_WARN_QUOTED_INCLUDE_IN_FRAMEWORK_HEADER = YES;
				CLANG_WARN_RANGE_LOOP_ANALYSIS = YES;
				CLANG_WARN_STRICT_PROTOTYPES = YES;
				CLANG_WARN_SUSPICIOUS_MOVE = YES;
				CLANG_WARN_UNGUARDED_AVAILABILITY = YES_AGGRESSIVE;
				CLANG_WARN_UNREACHABLE_CODE = YES;
				CLANG_WARN__DUPLICATE_METHOD_MATCH = YES;
				COPY_PHASE_STRIP = NO;
				DEBUG_INFORMATION_FORMAT = dwarf;
				ENABLE_STRICT_OBJC_MSGSEND = YES;
				ENABLE_TESTABILITY = YES;
				ENABLE_USER_SCRIPT_SANDBOXING = YES;
				GCC_C_LANGUAGE_STANDARD = gnu17;
				GCC_DYNAMIC_NO_PIC = NO;
				GCC_NO_COMMON_BLOCKS = YES;
				GCC_OPTIMIZATION_LEVEL = 0;
				GCC_PREPROCESSOR_DEFINITIONS = (
					"DEBUG=1",
					"$(inherited)",
				);
				GCC_WARN_64_TO_32_BIT_CONVERSION = YES;
				GCC_WARN_ABOUT_RETURN_TYPE = YES_ERROR;
				GCC_WARN_UNDECLARED_SELECTOR = YES;
				GCC_WARN_UNINITIALIZED_AUTOS = YES_AGGRESSIVE;
				GCC_WARN_UNUSED_FUNCTION = YES;
				GCC_WARN_UNUSED_VARIABLE = YES;
				IPHONEOS_DEPLOYMENT_TARGET = 18.0;
				LOCALIZATION_PREFERS_STRING_CATALOGS = YES;
				MTL_ENABLE_DEBUG_INFO = INCLUDE_SOURCE;
				MTL_FAST_MATH = YES;
				ONLY_ACTIVE_ARCH = YES;
				SDKROOT = iphoneos;
				SWIFT_ACTIVE_COMPILATION_CONDITIONS = "DEBUG $(inherited)";
				SWIFT_OPTIMIZATION_LEVEL = "-Onone";
			};
			name = Debug;
		};
		5D58DA692CC7EE070000232F /* Release */ = {
			isa = XCBuildConfiguration;
			buildSettings = {
				ALWAYS_SEARCH_USER_PATHS = NO;
				ASSETCATALOG_COMPILER_GENERATE_SWIFT_ASSET_SYMBOL_EXTENSIONS = YES;
				CLANG_ANALYZER_NONNULL = YES;
				CLANG_ANALYZER_NUMBER_OBJECT_CONVERSION = YES_AGGRESSIVE;
				CLANG_CXX_LANGUAGE_STANDARD = "gnu++20";
				CLANG_ENABLE_MODULES = YES;
				CLANG_ENABLE_OBJC_ARC = YES;
				CLANG_ENABLE_OBJC_WEAK = YES;
				CLANG_WARN_BLOCK_CAPTURE_AUTORELEASING = YES;
				CLANG_WARN_BOOL_CONVERSION = YES;
				CLANG_WARN_COMMA = YES;
				CLANG_WARN_CONSTANT_CONVERSION = YES;
				CLANG_WARN_DEPRECATED_OBJC_IMPLEMENTATIONS = YES;
				CLANG_WARN_DIRECT_OBJC_ISA_USAGE = YES_ERROR;
				CLANG_WARN_DOCUMENTATION_COMMENTS = YES;
				CLANG_WARN_EMPTY_BODY = YES;
				CLANG_WARN_ENUM_CONVERSION = YES;
				CLANG_WARN_INFINITE_RECURSION = YES;
				CLANG_WARN_INT_CONVERSION = YES;
				CLANG_WARN_NON_LITERAL_NULL_CONVERSION = YES;
				CLANG_WARN_OBJC_IMPLICIT_RETAIN_SELF = YES;
				CLANG_WARN_OBJC_LITERAL_CONVERSION = YES;
				CLANG_WARN_OBJC_ROOT_CLASS = YES_ERROR;
				CLANG_WARN_QUOTED_INCLUDE_IN_FRAMEWORK_HEADER = YES;
				CLANG_WARN_RANGE_LOOP_ANALYSIS = YES;
				CLANG_WARN_STRICT_PROTOTYPES = YES;
				CLANG_WARN_SUSPICIOUS_MOVE = YES;
				CLANG_WARN_UNGUARDED_AVAILABILITY = YES_AGGRESSIVE;
				CLANG_WARN_UNREACHABLE_CODE = YES;
				CLANG_WARN__DUPLICATE_METHOD_MATCH = YES;
				COPY_PHASE_STRIP = NO;
				DEBUG_INFORMATION_FORMAT = "dwarf-with-dsym";
				ENABLE_NS_ASSERTIONS = NO;
				ENABLE_STRICT_OBJC_MSGSEND = YES;
				ENABLE_USER_SCRIPT_SANDBOXING = YES;
				GCC_C_LANGUAGE_STANDARD = gnu17;
				GCC_NO_COMMON_BLOCKS = YES;
				GCC_WARN_64_TO_32_BIT_CONVERSION = YES;
				GCC_WARN_ABOUT_RETURN_TYPE = YES_ERROR;
				GCC_WARN_UNDECLARED_SELECTOR = YES;
				GCC_WARN_UNINITIALIZED_AUTOS = YES_AGGRESSIVE;
				GCC_WARN_UNUSED_FUNCTION = YES;
				GCC_WARN_UNUSED_VARIABLE = YES;
				IPHONEOS_DEPLOYMENT_TARGET = 18.0;
				LOCALIZATION_PREFERS_STRING_CATALOGS = YES;
				MTL_ENABLE_DEBUG_INFO = NO;
				MTL_FAST_MATH = YES;
				SDKROOT = iphoneos;
				SWIFT_COMPILATION_MODE = wholemodule;
				VALIDATE_PRODUCT = YES;
			};
			name = Release;
		};
		5D58DA6B2CC7EE070000232F /* Debug */ = {
			isa = XCBuildConfiguration;
			buildSettings = {
				ASSETCATALOG_COMPILER_APPICON_NAME = AppIcon;
				ASSETCATALOG_COMPILER_GLOBAL_ACCENT_COLOR_NAME = AccentColor;
				CODE_SIGN_STYLE = Automatic;
				CURRENT_PROJECT_VERSION = 1;
				DEVELOPMENT_ASSET_PATHS = "\"Roll The Dice/Preview Content\"";
				ENABLE_PREVIEWS = YES;
				GENERATE_INFOPLIST_FILE = YES;
				INFOPLIST_KEY_UIApplicationSceneManifest_Generation = YES;
				INFOPLIST_KEY_UIApplicationSupportsIndirectInputEvents = YES;
				INFOPLIST_KEY_UILaunchScreen_Generation = YES;
				INFOPLIST_KEY_UISupportedInterfaceOrientations_iPad = "UIInterfaceOrientationPortrait UIInterfaceOrientationPortraitUpsideDown UIInterfaceOrientationLandscapeLeft UIInterfaceOrientationLandscapeRight";
				INFOPLIST_KEY_UISupportedInterfaceOrientations_iPhone = "UIInterfaceOrientationPortrait UIInterfaceOrientationLandscapeLeft UIInterfaceOrientationLandscapeRight";
				LD_RUNPATH_SEARCH_PATHS = (
					"$(inherited)",
					"@executable_path/Frameworks",
				);
				MARKETING_VERSION = 1.0;
				PRODUCT_BUNDLE_IDENTIFIER = "BallerTechnologies.Roll-The-Dice";
				PRODUCT_NAME = "$(TARGET_NAME)";
				SWIFT_EMIT_LOC_STRINGS = YES;
				SWIFT_VERSION = 5.0;
				TARGETED_DEVICE_FAMILY = "1,2";
			};
			name = Debug;
		};
		5D58DA6C2CC7EE070000232F /* Release */ = {
			isa = XCBuildConfiguration;
			buildSettings = {
				ASSETCATALOG_COMPILER_APPICON_NAME = AppIcon;
				ASSETCATALOG_COMPILER_GLOBAL_ACCENT_COLOR_NAME = AccentColor;
				CODE_SIGN_STYLE = Automatic;
				CURRENT_PROJECT_VERSION = 1;
				DEVELOPMENT_ASSET_PATHS = "\"Roll The Dice/Preview Content\"";
				ENABLE_PREVIEWS = YES;
				GENERATE_INFOPLIST_FILE = YES;
				INFOPLIST_KEY_UIApplicationSceneManifest_Generation = YES;
				INFOPLIST_KEY_UIApplicationSupportsIndirectInputEvents = YES;
				INFOPLIST_KEY_UILaunchScreen_Generation = YES;
				INFOPLIST_KEY_UISupportedInterfaceOrientations_iPad = "UIInterfaceOrientationPortrait UIInterfaceOrientationPortraitUpsideDown UIInterfaceOrientationLandscapeLeft UIInterfaceOrientationLandscapeRight";
				INFOPLIST_KEY_UISupportedInterfaceOrientations_iPhone = "UIInterfaceOrientationPortrait UIInterfaceOrientationLandscapeLeft UIInterfaceOrientationLandscapeRight";
				LD_RUNPATH_SEARCH_PATHS = (
					"$(inherited)",
					"@executable_path/Frameworks",
				);
				MARKETING_VERSION = 1.0;
				PRODUCT_BUNDLE_IDENTIFIER = "BallerTechnologies.Roll-The-Dice";
				PRODUCT_NAME = "$(TARGET_NAME)";
				SWIFT_EMIT_LOC_STRINGS = YES;
				SWIFT_VERSION = 5.0;
				TARGETED_DEVICE_FAMILY = "1,2";
			};
			name = Release;
		};
		5D58DA6E2CC7EE070000232F /* Debug */ = {
			isa = XCBuildConfiguration;
			buildSettings = {
				BUNDLE_LOADER = "$(TEST_HOST)";
				CODE_SIGN_STYLE = Automatic;
				CURRENT_PROJECT_VERSION = 1;
				GENERATE_INFOPLIST_FILE = YES;
				IPHONEOS_DEPLOYMENT_TARGET = 18.0;
				MARKETING_VERSION = 1.0;
				PRODUCT_BUNDLE_IDENTIFIER = "BallerTechnologies.Roll-The-DiceTests";
				PRODUCT_NAME = "$(TARGET_NAME)";
				SWIFT_EMIT_LOC_STRINGS = NO;
				SWIFT_VERSION = 5.0;
				TARGETED_DEVICE_FAMILY = "1,2";
				TEST_HOST = "$(BUILT_PRODUCTS_DIR)/Roll The Dice.app/$(BUNDLE_EXECUTABLE_FOLDER_PATH)/Roll The Dice";
			};
			name = Debug;
		};
		5D58DA6F2CC7EE070000232F /* Release */ = {
			isa = XCBuildConfiguration;
			buildSettings = {
				BUNDLE_LOADER = "$(TEST_HOST)";
				CODE_SIGN_STYLE = Automatic;
				CURRENT_PROJECT_VERSION = 1;
				GENERATE_INFOPLIST_FILE = YES;
				IPHONEOS_DEPLOYMENT_TARGET = 18.0;
				MARKETING_VERSION = 1.0;
				PRODUCT_BUNDLE_IDENTIFIER = "BallerTechnologies.Roll-The-DiceTests";
				PRODUCT_NAME = "$(TARGET_NAME)";
				SWIFT_EMIT_LOC_STRINGS = NO;
				SWIFT_VERSION = 5.0;
				TARGETED_DEVICE_FAMILY = "1,2";
				TEST_HOST = "$(BUILT_PRODUCTS_DIR)/Roll The Dice.app/$(BUNDLE_EXECUTABLE_FOLDER_PATH)/Roll The Dice";
			};
			name = Release;
		};
		5D58DA712CC7EE070000232F /* Debug */ = {
			isa = XCBuildConfiguration;
			buildSettings = {
				CODE_SIGN_STYLE = Automatic;
				CURRENT_PROJECT_VERSION = 1;
				GENERATE_INFOPLIST_FILE = YES;
				MARKETING_VERSION = 1.0;
				PRODUCT_BUNDLE_IDENTIFIER = "BallerTechnologies.Roll-The-DiceUITests";
				PRODUCT_NAME = "$(TARGET_NAME)";
				SWIFT_EMIT_LOC_STRINGS = NO;
				SWIFT_VERSION = 5.0;
				TARGETED_DEVICE_FAMILY = "1,2";
				TEST_TARGET_NAME = "Roll The Dice";
			};
			name = Debug;
		};
		5D58DA722CC7EE070000232F /* Release */ = {
			isa = XCBuildConfiguration;
			buildSettings = {
				CODE_SIGN_STYLE = Automatic;
				CURRENT_PROJECT_VERSION = 1;
				GENERATE_INFOPLIST_FILE = YES;
				MARKETING_VERSION = 1.0;
				PRODUCT_BUNDLE_IDENTIFIER = "BallerTechnologies.Roll-The-DiceUITests";
				PRODUCT_NAME = "$(TARGET_NAME)";
				SWIFT_EMIT_LOC_STRINGS = NO;
				SWIFT_VERSION = 5.0;
				TARGETED_DEVICE_FAMILY = "1,2";
				TEST_TARGET_NAME = "Roll The Dice";
			};
			name = Release;
		};
/* End XCBuildConfiguration section */

/* Begin XCConfigurationList section */
		5D58DA412CC7EE040000232F /* Build configuration list for PBXProject "Roll The Dice" */ = {
			isa = XCConfigurationList;
			buildConfigurations = (
				5D58DA682CC7EE070000232F /* Debug */,
				5D58DA692CC7EE070000232F /* Release */,
			);
			defaultConfigurationIsVisible = 0;
			defaultConfigurationName = Release;
		};
		5D58DA6A2CC7EE070000232F /* Build configuration list for PBXNativeTarget "Roll The Dice" */ = {
			isa = XCConfigurationList;
			buildConfigurations = (
				5D58DA6B2CC7EE070000232F /* Debug */,
				5D58DA6C2CC7EE070000232F /* Release */,
			);
			defaultConfigurationIsVisible = 0;
			defaultConfigurationName = Release;
		};
		5D58DA6D2CC7EE070000232F /* Build configuration list for PBXNativeTarget "Roll The DiceTests" */ = {
			isa = XCConfigurationList;
			buildConfigurations = (
				5D58DA6E2CC7EE070000232F /* Debug */,
				5D58DA6F2CC7EE070000232F /* Release */,
			);
			defaultConfigurationIsVisible = 0;
			defaultConfigurationName = Release;
		};
		5D58DA702CC7EE070000232F /* Build configuration list for PBXNativeTarget "Roll The DiceUITests" */ = {
			isa = XCConfigurationList;
			buildConfigurations = (
				5D58DA712CC7EE070000232F /* Debug */,
				5D58DA722CC7EE070000232F /* Release */,
			);
			defaultConfigurationIsVisible = 0;
			defaultConfigurationName = Release;
		};
/* End XCConfigurationList section */
	};
	rootObject = 5D58DA3E2CC7EE040000232F /* Project object */;
}
